
Microsoft Visual Studio Solution File, Format Version 12.00
# Visual Studio Version 16
VisualStudioVersion = 16.0.29806.167
MinimumVisualStudioVersion = 10.0.40219.1
Project("{FAE04EC0-301F-11D3-BF4B-00C04F79EFBC}") = "Web", "Web.csproj", "{E36A7396-AC6C-4FF7-974E-748380EAF5ED}"
EndProject
Global
	GlobalSection(SolutionConfigurationPlatforms) = preSolution
		Debug|Any CPU = Debug|Any CPU
		Release|Any CPU = Release|Any CPU
	EndGlobalSection
	GlobalSection(ProjectConfigurationPlatforms) = postSolution
		{E36A7396-AC6C-4FF7-974E-748380EAF5ED}.Debug|Any CPU.ActiveCfg = Debug|Any CPU
		{E36A7396-AC6C-4FF7-974E-748380EAF5ED}.Debug|Any CPU.Build.0 = Debug|Any CPU
		{E36A7396-AC6C-4FF7-974E-748380EAF5ED}.Release|Any CPU.ActiveCfg = Release|Any CPU
		{E36A7396-AC6C-4FF7-974E-748380EAF5ED}.Release|Any CPU.Build.0 = Release|Any CPU
	EndGlobalSection
	GlobalSection(SolutionProperties) = preSolution
		HideSolutionNode = FALSE
	EndGlobalSection
	GlobalSection(ExtensibilityGlobals) = postSolution
		SolutionGuid = {F252A58F-4796-4243-A1A0-6C93FF6498F1}
	EndGlobalSection
EndGlobal
